{
  "object": {
    "pins": [
      {
        "package": "SDWebImage",
        "repositoryURL": "https://github.com/charlymr/SDWebImage.git",
        "state": {
          "branch": "master",
          "revision": "b24832a8c513a25854931eba6da1943d026950bc",
          "version": null
        }
      }
    ]
  },
  "version": 1
}
